
Microsoft Visual Studio Solution File, Format Version 12.00
# Visual Studio Version 17
VisualStudioVersion = 17.4.33213.308
MinimumVisualStudioVersion = 10.0.40219.1
Project("{FAE04EC0-301F-11D3-BF4B-00C04F79EFBC}") = "CircleDrawingApp", "CircleDrawingApp\CircleDrawingApp.csproj", "{093150FD-0EA2-459B-AD06-9B819CBD9C12}"
EndProject
Global
	GlobalSection(SolutionConfigurationPlatforms) = preSolution
		Debug|Any CPU = Debug|Any CPU
		Release|Any CPU = Release|Any CPU
	EndGlobalSection
	GlobalSection(ProjectConfigurationPlatforms) = postSolution
		{093150FD-0EA2-459B-AD06-9B819CBD9C12}.Debug|Any CPU.ActiveCfg = Debug|Any CPU
		{093150FD-0EA2-459B-AD06-9B819CBD9C12}.Debug|Any CPU.Build.0 = Debug|Any CPU
		{093150FD-0EA2-459B-AD06-9B819CBD9C12}.Release|Any CPU.ActiveCfg = Release|Any CPU
		{093150FD-0EA2-459B-AD06-9B819CBD9C12}.Release|Any CPU.Build.0 = Release|Any CPU
	EndGlobalSection
	GlobalSection(SolutionProperties) = preSolution
		HideSolutionNode = FALSE
	EndGlobalSection
	GlobalSection(ExtensibilityGlobals) = postSolution
		SolutionGuid = {053CB5BB-759C-40AA-B219-0945CC2092C2}
	EndGlobalSection
EndGlobal
